
Microsoft Visual Studio Solution File, Format Version 12.00
# Visual Studio Version 16
VisualStudioVersion = 16.0.28803.352
MinimumVisualStudioVersion = 10.0.40219.1
Project("{FAE04EC0-301F-11D3-BF4B-00C04F79EFBC}") = "Vezbanje4", "Vezbanje4.csproj", "{B2EB5AC7-353D-48F2-B049-DE05677436FF}"
EndProject
Global
	GlobalSection(SolutionConfigurationPlatforms) = preSolution
		Debug|Any CPU = Debug|Any CPU
		Release|Any CPU = Release|Any CPU
	EndGlobalSection
	GlobalSection(ProjectConfigurationPlatforms) = postSolution
		{B2EB5AC7-353D-48F2-B049-DE05677436FF}.Debug|Any CPU.ActiveCfg = Debug|Any CPU
		{B2EB5AC7-353D-48F2-B049-DE05677436FF}.Debug|Any CPU.Build.0 = Debug|Any CPU
		{B2EB5AC7-353D-48F2-B049-DE05677436FF}.Release|Any CPU.ActiveCfg = Release|Any CPU
		{B2EB5AC7-353D-48F2-B049-DE05677436FF}.Release|Any CPU.Build.0 = Release|Any CPU
	EndGlobalSection
	GlobalSection(SolutionProperties) = preSolution
		HideSolutionNode = FALSE
	EndGlobalSection
	GlobalSection(ExtensibilityGlobals) = postSolution
		SolutionGuid = {A6F00E62-8A3F-41F5-8C34-1D392D8CD923}
	EndGlobalSection
EndGlobal
