
Microsoft Visual Studio Solution File, Format Version 12.00
# Visual Studio Version 16
VisualStudioVersion = 16.0.28803.452
MinimumVisualStudioVersion = 10.0.40219.1
Project("{FAE04EC0-301F-11D3-BF4B-00C04F79EFBC}") = "WPFTasks", "WPFTasks.csproj", "{315E8CD5-9722-4808-99BF-785AF2CB24BC}"
EndProject
Global
	GlobalSection(SolutionConfigurationPlatforms) = preSolution
		Debug|Any CPU = Debug|Any CPU
		Release|Any CPU = Release|Any CPU
	EndGlobalSection
	GlobalSection(ProjectConfigurationPlatforms) = postSolution
		{315E8CD5-9722-4808-99BF-785AF2CB24BC}.Debug|Any CPU.ActiveCfg = Debug|Any CPU
		{315E8CD5-9722-4808-99BF-785AF2CB24BC}.Debug|Any CPU.Build.0 = Debug|Any CPU
		{315E8CD5-9722-4808-99BF-785AF2CB24BC}.Release|Any CPU.ActiveCfg = Release|Any CPU
		{315E8CD5-9722-4808-99BF-785AF2CB24BC}.Release|Any CPU.Build.0 = Release|Any CPU
	EndGlobalSection
	GlobalSection(SolutionProperties) = preSolution
		HideSolutionNode = FALSE
	EndGlobalSection
	GlobalSection(ExtensibilityGlobals) = postSolution
		SolutionGuid = {8F489E11-9126-427E-8152-88276F11794E}
	EndGlobalSection
EndGlobal
