
Microsoft Visual Studio Solution File, Format Version 12.00
# Visual Studio Version 16
VisualStudioVersion = 16.0.28803.352
MinimumVisualStudioVersion = 10.0.40219.1
Project("{FAE04EC0-301F-11D3-BF4B-00C04F79EFBC}") = "RegularExpressions", "RegularExpressions.csproj", "{7807D478-60BD-49A5-8467-CA607BB2FAD5}"
EndProject
Global
	GlobalSection(SolutionConfigurationPlatforms) = preSolution
		Debug|Any CPU = Debug|Any CPU
		Release|Any CPU = Release|Any CPU
	EndGlobalSection
	GlobalSection(ProjectConfigurationPlatforms) = postSolution
		{7807D478-60BD-49A5-8467-CA607BB2FAD5}.Debug|Any CPU.ActiveCfg = Debug|Any CPU
		{7807D478-60BD-49A5-8467-CA607BB2FAD5}.Debug|Any CPU.Build.0 = Debug|Any CPU
		{7807D478-60BD-49A5-8467-CA607BB2FAD5}.Release|Any CPU.ActiveCfg = Release|Any CPU
		{7807D478-60BD-49A5-8467-CA607BB2FAD5}.Release|Any CPU.Build.0 = Release|Any CPU
	EndGlobalSection
	GlobalSection(SolutionProperties) = preSolution
		HideSolutionNode = FALSE
	EndGlobalSection
	GlobalSection(ExtensibilityGlobals) = postSolution
		SolutionGuid = {BAA8CFF5-710C-4344-AD87-D1E9792C8BC9}
	EndGlobalSection
EndGlobal
